github.com/timothyl96/goo v0.0.0-20220917193352-e01f8b9f9ed9 h1:NOJyHMqR0eqT+jfExTg3r7APyMTY84uPjJsoF8JNg1o=
github.com/timothyl96/goo v0.0.0-20220917193352-e01f8b9f9ed9/go.mod h1:zOZjrbX/i2siKPAxl0qaeCv46jaLEFZdIDf48Taqk/I=
github.com/timothyl96/goo v0.0.0-20220918112942-b0cb5f746e8e h1:ZRtWhkCUasRux7VdJf35gBF503E839N6rsQVEX9+UrI=
github.com/timothyl96/goo v0.0.0-20220918112942-b0cb5f746e8e/go.mod h1:MiU4B8jZE/zn9b1qjBDT919vkb7UDDgFS7fS3EdsWpY=
github.com/timothyl96/goo v0.0.0-20220918124657-116e8e2b3a44 h1:lUZxIyvsjdFHXDaI/0d06tObyZzzNh8flrAb1pzCMpI=
github.com/timothyl96/goo v0.0.0-20220918124657-116e8e2b3a44/go.mod h1:8VUhbzrG3uoJwqh1DAAAQLWXIXovKk/0o/eJOIJoUE0=
